{
    "name": "node-app",
    "version": "0.0.1",
    "lockfileVersion": 3,
    "requires": true,
    "packages": {
        "": {
            "name": "node-app",
            "version": "0.0.1",
            "dependencies": {
                "express": "3.12.0"
            },
            "devDependencies": {
                "mocha": "1.20.1",
                "supertest": "0.13.0"
            }
        },
        "node_modules/accepts": {
            "version": "1.0.7",
            "resolved": "https://registry.npmjs.org/accepts/-/accepts-1.0.7.tgz",
            "integrity": "sha512-iq8ew2zitUlNcUca0wye3fYwQ6sSPItDo38oC0R+XA5KTzeXRN+GF7NjOXs3dVItj4J+gQVdpq4/qbnMb1hMHw==",
            "dependencies": {
                "mime-types": "~1.0.0",
                "negotiator": "0.4.7"
            },
            "engines": {
                "node": ">= 0.8.0"
            }
        },
        "node_modules/any-promise": {
            "version": "1.3.0",
            "resolved": "https://registry.npmjs.org/any-promise/-/any-promise-1.3.0.tgz",
            "integrity": "sha512-7UvmKalWRt1wgjL1RrGxoSJW/0QZFIegpeGvZG9kjp8vrRu55XTHbwnqq2GpXm9uLbcuhxm3IqX9OB4MZR1b2A=="
        },
        "node_modules/async": {
            "version": "0.2.10",
            "resolved": "https://registry.npmjs.org/async/-/async-0.2.10.tgz",
            "integrity": "sha512-eAkdoKxU6/LkKDBzLpT+t6Ff5EtfSF4wx1WfJiPEEV7WNLnDaRXk0oVysiEPm262roaachGexwUv94WhSgN5TQ==",
            "dev": true
        },
        "node_modules/base64-url": {
            "version": "1.3.3",
            "resolved": "https://registry.npmjs.org/base64-url/-/base64-url-1.3.3.tgz",
            "integrity": "sha512-UiVPRwO/m133KIQrOEIqO07D8jaYjFIx7/lYRWTRVR23tDSn00Ves6A+Bk0eLmhyz6IJGSFlNCKUuUBO2ssytA=="
        },
        "node_modules/basic-auth-connect": {
            "version": "1.0.0",
            "resolved": "https://registry.npmjs.org/basic-auth-connect/-/basic-auth-connect-1.0.0.tgz",
            "integrity": "sha512-kiV+/DTgVro4aZifY/hwRwALBISViL5NP4aReaR2EVJEObpbUBHIkdJh/YpcoEiYt7nBodZ6U2ajZeZvSxUCCg=="
        },
        "node_modules/batch": {
            "version": "0.5.1",
            "resolved": "https://registry.npmjs.org/batch/-/batch-0.5.1.tgz",
            "integrity": "sha512-OXRjc65VJvFtb7JD5HszSI1WWwsI6YnJS7Qmlx1CaDQrZ5urNIeRjtTyBe1YapNXyoWzrcc4yqg4rNe8YMyong=="
        },
        "node_modules/body-parser": {
            "version": "1.4.3",
            "resolved": "https://registry.npmjs.org/body-parser/-/body-parser-1.4.3.tgz",
            "integrity": "sha512-+/wGpsrfMR0d7nPNnmpKAPQVXg37cU3YVvR/hThORfbiJYvzmGHf+A/x0QWtE/s2XMdj2/UTQUweVqNPlkZlEw==",
            "dependencies": {
                "bytes": "1.0.0",
                "depd": "0.3.0",
                "iconv-lite": "0.4.3",
                "media-typer": "0.2.0",
                "qs": "0.6.6",
                "raw-body": "1.2.2",
                "type-is": "1.3.1"
            },
            "engines": {
                "node": ">= 0.8"
            }
        },
        "node_modules/buffer-crc32": {
            "version": "0.2.3",
            "resolved": "https://registry.npmjs.org/buffer-crc32/-/buffer-crc32-0.2.3.tgz",
            "integrity": "sha512-HLvoSqq1z8fJEcT1lUlJZ4OJaXJZ1wsWm0+fBxkz9Bdf/WphA4Da7FtGUguNNyEXL4WB0hNMTaWmdFRFPy8YOQ==",
            "engines": {
                "node": "*"
            }
        },
        "node_modules/bytes": {
            "version": "1.0.0",
            "resolved": "https://registry.npmjs.org/bytes/-/bytes-1.0.0.tgz",
            "integrity": "sha512-/x68VkHLeTl3/Ll8IvxdwzhrT+IyKc52e/oyHhA2RwqPqswSnjVbSddfPRwAsJtbilMAPSRWwAlpxdYsSWOTKQ=="
        },
        "node_modules/combined-stream": {
            "version": "0.0.7",
            "resolved": "https://registry.npmjs.org/combined-stream/-/combined-stream-0.0.7.tgz",
            "integrity": "sha512-qfexlmLp9MyrkajQVyjEDb0Vj+KhRgR/rxLiVhaihlT+ZkX0lReqtH6Ack40CvMDERR4b5eFp3CreskpBs1Pig==",
            "dev": true,
            "dependencies": {
                "delayed-stream": "0.0.5"
            },
            "engines": {
                "node": ">= 0.8"
            }
        },
        "node_modules/commander": {
            "version": "1.3.2",
            "resolved": "https://registry.npmjs.org/commander/-/commander-1.3.2.tgz",
            "integrity": "sha512-uoVVA5dchmxZeTMv2Qsd0vhn/RebJYsWo4all1qtrUL3BBhQFn4AQDF4PL+ZvOeK7gczXKEZaSCyMDMwFBlpBg==",
            "dependencies": {
                "keypress": "0.1.x"
            },
            "engines": {
                "node": ">= 0.6.x"
            }
        },
        "node_modules/component-emitter": {
            "version": "1.1.2",
            "resolved": "https://registry.npmjs.org/component-emitter/-/component-emitter-1.1.2.tgz",
            "integrity": "sha512-YhIbp3PJiznERfjlIkK0ue4obZxt2S60+0W8z24ZymOHT8sHloOqWOqZRU2eN5OlY8U08VFsP02letcu26FilA==",
            "dev": true
        },
        "node_modules/compressible": {
            "version": "1.1.1",
            "resolved": "https://registry.npmjs.org/compressible/-/compressible-1.1.1.tgz",
            "integrity": "sha512-IwohldOO2F/Oi2ZKOAJE14fVVbYEo5eh3D7+AzmsWovFOHbMAVglHpTYW1N+UExfwiqNfsiY2IBgWkzhc63xgQ=="
        },
        "node_modules/compression": {
            "version": "1.0.11",
            "resolved": "https://registry.npmjs.org/compression/-/compression-1.0.11.tgz",
            "integrity": "sha512-Xf+wCNAQYsPrvIkWRwGLkkrA2/Kd1TU8VotZZpvkz0+7+5bmxAsYdUahJI3oisroNydtb8NnGy4RMiaeq/GlSg==",
            "dependencies": {
                "accepts": "~1.0.7",
                "bytes": "1.0.0",
                "compressible": "~1.1.1",
                "debug": "1.0.4",
                "on-headers": "~1.0.0",
                "vary": "~1.0.0"
            },
            "engines": {
                "node": ">= 0.8.0"
            }
        },
        "node_modules/compression/node_modules/debug": {
            "version": "1.0.4",
            "resolved": "https://registry.npmjs.org/debug/-/debug-1.0.4.tgz",
            "integrity": "sha512-plA8d2GHafT7kXzMDs5r7NSfYP7IKHdO8rZPVAqI33Eum7Vq/Ef/ETXm6NncF/RMif4fzI0RetSArZ6PMIxP0g==",
            "dependencies": {
                "ms": "0.6.2"
            }
        },
        "node_modules/compression/node_modules/on-headers": {
            "version": "1.0.2",
            "resolved": "https://registry.npmjs.org/on-headers/-/on-headers-1.0.2.tgz",
            "integrity": "sha512-pZAE+FJLoyITytdqK0U5s+FIpjN0JP3OzFi/u8Rx+EV5/W+JTWGXG8xFzevE7AjBfDqHv/8vL8qQsIhHnqRkrA==",
            "engines": {
                "node": ">= 0.8"
            }
        },
        "node_modules/compression/node_modules/vary": {
            "version": "1.0.1",
            "resolved": "https://registry.npmjs.org/vary/-/vary-1.0.1.tgz",
            "integrity": "sha512-yNsH+tC0r8quK2tg/yqkXqqaYzeKTkSqQ+8T6xCoWgOi/bU/omMYz+6k+I91JJJDeltJzI7oridTOq6OYkY0Tw==",
            "engines": {
                "node": ">= 0.8"
            }
        },
        "node_modules/connect": {
            "version": "2.21.0",
            "resolved": "https://registry.npmjs.org/connect/-/connect-2.21.0.tgz",
            "integrity": "sha512-vvwOMg8rczFRO8V6U4J3qPygzHF93a0H7c/guOrEazIA1ETjy4s2D642hjQ3ui/xsHPr+VEK8OVs25xNRguEew==",
            "deprecated": "connect 2.x series is deprecated",
            "dependencies": {
                "basic-auth-connect": "1.0.0",
                "body-parser": "1.4.3",
                "bytes": "1.0.0",
                "compression": "~1.0.8",
                "connect-timeout": "1.1.1",
                "cookie": "0.1.2",
                "cookie-parser": "1.3.1",
                "cookie-signature": "1.0.3",
                "csurf": "1.2.2",
                "debug": "1.0.2",
                "depd": "0.3.0",
                "errorhandler": "1.1.1",
                "express-session": "~1.5.0",
                "finalhandler": "0.0.2",
                "fresh": "0.2.2",
                "media-typer": "0.2.0",
                "method-override": "2.0.2",
                "morgan": "1.1.1",
                "multiparty": "3.2.9",
                "on-headers": "0.0.0",
                "parseurl": "1.0.1",
                "pause": "0.0.1",
                "qs": "0.6.6",
                "response-time": "2.0.0",
                "serve-favicon": "2.0.1",
                "serve-index": "~1.1.3",
                "serve-static": "1.2.3",
                "type-is": "1.3.1",
                "vhost": "2.0.0"
            },
            "engines": {
                "node": ">= 0.8.0"
            }
        },
        "node_modules/connect-timeout": {
            "version": "1.1.1",
            "resolved": "https://registry.npmjs.org/connect-timeout/-/connect-timeout-1.1.1.tgz",
            "integrity": "sha512-HS5OPZHc0cAJkzE1jgGjwL95rzF+Znk10Pq0vpUEm4ieDV+4HiAu4U/I71G5Epqs3b3YDeHkxBwE7lZtDRpNPQ==",
            "dependencies": {
                "debug": "1.0.2",
                "on-headers": "0.0.0"
            },
            "engines": {
                "node": ">= 0.8"
            }
        },
        "node_modules/cookie": {
            "version": "0.1.2",
            "resolved": "https://registry.npmjs.org/cookie/-/cookie-0.1.2.tgz",
            "integrity": "sha512-+mHmWbhevLwkiBf7QcbZXHr0v4ZQQ/OgHk3fsQHrsMMiGzuvAmU/YMUR+ZfrO/BLAGIWFfx2Z7Oyso0tZR/wiA==",
            "engines": {
                "node": "*"
            }
        },
        "node_modules/cookie-parser": {
            "version": "1.3.1",
            "resolved": "https://registry.npmjs.org/cookie-parser/-/cookie-parser-1.3.1.tgz",
            "integrity": "sha512-DExg4B+vImwqftLcz11Kxv5wGEOnfotGbnxwNUV7BpljO0nd+p9dIJ40p0eD2YKBq012vONSETBVO0aXAiY4WA==",
            "dependencies": {
                "cookie": "0.1.2",
                "cookie-signature": "1.0.3"
            },
            "engines": {
                "node": ">= 0.8.0"
            }
        },
        "node_modules/cookie-signature": {
            "version": "1.0.3",
            "resolved": "https://registry.npmjs.org/cookie-signature/-/cookie-signature-1.0.3.tgz",
            "integrity": "sha512-/KzKzsm0OlguYov01OlOpTkX5MhBKUmfL/KMum7R80rPKheb9AwUzr78TwtBt1OdbnWrt4X+wxbTfcQ3noZqHw=="
        },
        "node_modules/cookiejar": {
            "version": "1.3.2",
            "resolved": "https://registry.npmjs.org/cookiejar/-/cookiejar-1.3.2.tgz",
            "integrity": "sha512-09V90V+slsORHrEyAknrkegZb/2FEVLNOShSJ7fSuKCr95WA2VfyShgOzB0kWHj+edNd69rEpOct4LeDuFIB9A==",
            "dev": true
        },
        "node_modules/core-util-is": {
            "version": "1.0.3",
            "resolved": "https://registry.npmjs.org/core-util-is/-/core-util-is-1.0.3.tgz",
            "integrity": "sha512-ZQBvi1DcpJ4GDqanjucZ2Hj3wEO5pZDS89BWbkcrvdxksJorwUDDZamX9ldFkp9aw2lmBDLgkObEA4DWNJ9FYQ=="
        },
        "node_modules/csrf-tokens": {
            "version": "2.0.0",
            "resolved": "https://registry.npmjs.org/csrf-tokens/-/csrf-tokens-2.0.0.tgz",
            "integrity": "sha512-IzcrVVxQJvHoeNSSA9zc9LqIBUPM3OdRUzJ/4ooSbROhvJOSAi6qve2J6XEhmltcECmf/UiR/pgzkHXY5x1mGA==",
            "dependencies": {
                "base64-url": "1",
                "rndm": "1",
                "scmp": "~0.0.3",
                "uid-safe": "1"
            }
        },
        "node_modules/csurf": {
            "version": "1.2.2",
            "resolved": "https://registry.npmjs.org/csurf/-/csurf-1.2.2.tgz",
            "integrity": "sha512-wCwNMBSAzrj4918iemazALbLZBYQRVN4BpnSpVBcE5Cx5cx/5HPkkpidpL0k+Tbk3Dlg0pDSY3mUvh7Gqc5H7w==",
            "dependencies": {
                "csrf-tokens": "~2.0.0"
            },
            "engines": {
                "node": ">= 0.8.0"
            }
        },
        "node_modules/debug": {
            "version": "1.0.2",
            "resolved": "https://registry.npmjs.org/debug/-/debug-1.0.2.tgz",
            "integrity": "sha512-T9bufXIzQvCa4VrTIpLvvwdLhH+wuBtvIJJA3xgzVcaVETGmTIWMfEXQEd1K4p8BaRmQJPn6MPut38H7YQ+iIA==",
            "dependencies": {
                "ms": "0.6.2"
            }
        },
        "node_modules/delayed-stream": {
            "version": "0.0.5",
            "resolved": "https://registry.npmjs.org/delayed-stream/-/delayed-stream-0.0.5.tgz",
            "integrity": "sha512-v+7uBd1pqe5YtgPacIIbZ8HuHeLFVNe4mUEyFDXL6KiqzEykjbw+5mXZXpGFgNVasdL4jWKgaKIXrEHiynN1LA==",
            "dev": true,
            "engines": {
                "node": ">=0.4.0"
            }
        },
        "node_modules/depd": {
            "version": "0.3.0",
            "resolved": "https://registry.npmjs.org/depd/-/depd-0.3.0.tgz",
            "integrity": "sha512-Uyx3FgdvEYlpA3W4lf37Ide++2qOsjLlJ7dap0tbM63j/BxTCcxmyIOO6PXbKbOuNSko+fsDHzzx1DUeo1+3fA==",
            "engines": {
                "node": ">= 0.8.0"
            }
        },
        "node_modules/diff": {
            "version": "1.0.7",
            "resolved": "https://registry.npmjs.org/diff/-/diff-1.0.7.tgz",
            "integrity": "sha512-0bTLzyr1S59cPsgAD/lR+ivvHTbgPb+k/mUR6WGqma1J6QDU+kUegI8uQFuH/cMUNK7JGN3Tk1Y5Jf2MO85WrA==",
            "dev": true,
            "engines": {
                "node": ">=0.3.1"
            }
        },
        "node_modules/ee-first": {
            "version": "1.0.3",
            "resolved": "https://registry.npmjs.org/ee-first/-/ee-first-1.0.3.tgz",
            "integrity": "sha512-1q/3kz+ZwmrrWpJcCCrBZ3JnBzB1BMA5EVW9nxnIP1LxDZ16Cqs9VdolqLWlExet1vU+bar3WSkAa4/YrA9bIw=="
        },
        "node_modules/errorhandler": {
            "version": "1.1.1",
            "resolved": "https://registry.npmjs.org/errorhandler/-/errorhandler-1.1.1.tgz",
            "integrity": "sha512-nqVAii3wDkiowAVKDmcuwKOQ/5vsg9GfCcJxSMHgy8yiZUA3mMDpBcHnCVolDYgQ7wsC2yZQVOavR5fGHhFMkg==",
            "dependencies": {
                "accepts": "~1.0.4",
                "escape-html": "1.0.1"
            },
            "engines": {
                "node": ">= 0.8"
            }
        },
        "node_modules/escape-html": {
            "version": "1.0.1",
            "resolved": "https://registry.npmjs.org/escape-html/-/escape-html-1.0.1.tgz",
            "integrity": "sha512-z6kAnok8fqVTra7Yu77dZF2Y6ETJlxH58wN38wNyuNQLm8xXdKnfNrlSmfXsTePWP03rRVUKHubtUwanwUi7+g=="
        },
        "node_modules/express": {
            "version": "3.12.0",
            "resolved": "https://registry.npmjs.org/express/-/express-3.12.0.tgz",
            "integrity": "sha512-EsuN2D68jFZn8V9kwmmtMvwA88OOwY4q/OybUA7PK5RtYSZ4eNHN2NwWGSRkI0nE+K9ItX6oupbMikCeNtKLQA==",
            "dependencies": {
                "buffer-crc32": "0.2.3",
                "commander": "1.3.2",
                "connect": "2.21.0",
                "cookie": "0.1.2",
                "cookie-signature": "1.0.3",
                "debug": "1.0.2",
                "depd": "0.3.0",
                "escape-html": "1.0.1",
                "fresh": "0.2.2",
                "media-typer": "0.2.0",
                "merge-descriptors": "0.0.2",
                "methods": "1.0.1",
                "mkdirp": "0.5.0",
                "parseurl": "1.0.1",
                "proxy-addr": "1.0.1",
                "range-parser": "1.0.0",
                "send": "0.4.3",
                "vary": "0.1.0"
            },
            "bin": {
                "express": "bin/express"
            },
            "engines": {
                "node": ">= 0.8.0"
            }
        },
        "node_modules/express-session": {
            "version": "1.5.2",
            "resolved": "https://registry.npmjs.org/express-session/-/express-session-1.5.2.tgz",
            "integrity": "sha512-L6AxN8vpyjaS0kRusjUhFTlZu5bej4Loz+hWGB7mO+Bddl0wPG+2QMSnF+ALn4rIqehUPY54lyiz3JcORnLcgA==",
            "dependencies": {
                "buffer-crc32": "0.2.3",
                "cookie": "0.1.2",
                "cookie-signature": "1.0.4",
                "debug": "1.0.2",
                "depd": "0.3.0",
                "on-headers": "0.0.0",
                "uid-safe": "1.0.1",
                "utils-merge": "1.0.0"
            },
            "engines": {
                "node": ">= 0.8.0"
            }
        },
        "node_modules/express-session/node_modules/cookie-signature": {
            "version": "1.0.4",
            "resolved": "https://registry.npmjs.org/cookie-signature/-/cookie-signature-1.0.4.tgz",
            "integrity": "sha512-k+lrG38ZC/S7zN6l1/HcF6xF4jMwkIUjnr5afDU7tzFxIfDmKzdqJdXo8HNYaXOuBJ3tPKxSiwCOTA0b3qQfaA=="
        },
        "node_modules/express-session/node_modules/uid-safe": {
            "version": "1.0.1",
            "resolved": "https://registry.npmjs.org/uid-safe/-/uid-safe-1.0.1.tgz",
            "integrity": "sha512-+gRoyiC2ZLfhUZDL5VrKFCWNirAe/MTTiVhhZ3S0QGw35KqOFbagZcUSzZOgXR3aazpN/zAYJcaQ54sFlU5tkA==",
            "dependencies": {
                "base64-url": "1",
                "mz": "1"
            }
        },
        "node_modules/extend": {
            "version": "1.2.1",
            "resolved": "https://registry.npmjs.org/extend/-/extend-1.2.1.tgz",
            "integrity": "sha512-2/JwIYRpMBDSjbQjUUppNSrmc719crhFaWIdT+TRSVA8gE+6HEobQWqJ6VkPt/H8twS7h/0WWs7veh8wmp98Ng==",
            "dev": true
        },
        "node_modules/finalhandler": {
            "version": "0.0.2",
            "resolved": "https://registry.npmjs.org/finalhandler/-/finalhandler-0.0.2.tgz",
            "integrity": "sha512-SbpQfvWVwWEBlPTQyaM9gs0D5404ENTC0x2jzbb7t+P+EOD/cBlWjAAvfozIQYtOepUuNkxoLNLCK9/kS29f4w==",
            "dependencies": {
                "debug": "1.0.2",
                "escape-html": "1.0.1"
            },
            "engines": {
                "node": ">= 0.8.0"
            }
        },
        "node_modules/finished": {
            "version": "1.2.2",
            "resolved": "https://registry.npmjs.org/finished/-/finished-1.2.2.tgz",
            "integrity": "sha512-HPJ8x7Gn1pmTS1zWyMoXmQ1yxHkYHRoFsBI66ONq4PS9iWBJy1iHYXOSqMWNp3ksMXfrBpenkSwBhl9WG4zr4Q==",
            "dependencies": {
                "ee-first": "1.0.3"
            }
        },
        "node_modules/form-data": {
            "version": "0.1.2",
            "resolved": "https://registry.npmjs.org/form-data/-/form-data-0.1.2.tgz",
            "integrity": "sha512-ynryYjLcBdZ6Iujum9BMhIRq84ViJBe85+gr5nL+gvRGU4Skti1fUwvggb0pdanQB+ji9IsLGimXUbJq22fuiA==",
            "dev": true,
            "dependencies": {
                "async": "~0.2.9",
                "combined-stream": "~0.0.4",
                "mime": "~1.2.11"
            },
            "engines": {
                "node": ">= 0.6"
            }
        },
        "node_modules/formidable": {
            "version": "1.0.14",
            "resolved": "https://registry.npmjs.org/formidable/-/formidable-1.0.14.tgz",
            "integrity": "sha512-aOskFHEfYwkSKSzGui5jhQ+uyLo2NTwpzhndggz2YZHlv0HkAi+zG5ZEBCL3GTvqLyr/FzX9Mvx9DueCmu2HzQ==",
            "deprecated": "Please upgrade to latest, formidable@v2 or formidable@v3! Check these notes: https://bit.ly/2ZEqIau",
            "dev": true,
            "engines": {
                "node": ">=0.8.0"
            }
        },
        "node_modules/fresh": {
            "version": "0.2.2",
            "resolved": "https://registry.npmjs.org/fresh/-/fresh-0.2.2.tgz",
            "integrity": "sha512-ZGGi8GROK//ijm2gB33sUuN9TjN1tC/dvG4Bt4j6IWrVGpMmudUBCxx+Ir7qePsdREfkpQC4FL8W0jeSOsgv1w=="
        },
        "node_modules/glob": {
            "version": "3.2.3",
            "resolved": "https://registry.npmjs.org/glob/-/glob-3.2.3.tgz",
            "integrity": "sha512-WPaLsMHD1lYEqAmIQI6VOJSPwuBdGShDWnj1yUo0vQqEO809R8W3LM9OVU13CnnDhyv/EiNwOtxEW74SmrzS6w==",
            "dev": true,
            "dependencies": {
                "graceful-fs": "~2.0.0",
                "inherits": "2",
                "minimatch": "~0.2.11"
            },
            "engines": {
                "node": "*"
            }
        },
        "node_modules/graceful-fs": {
            "version": "2.0.3",
            "resolved": "https://registry.npmjs.org/graceful-fs/-/graceful-fs-2.0.3.tgz",
            "integrity": "sha512-hcj/NTUWv+C3MbqrVb9F+aH6lvTwEHJdx2foBxlrVq5h6zE8Bfu4pv4CAAqbDcZrw/9Ak5lsRXlY9Ao8/F0Tuw==",
            "deprecated": "please upgrade to graceful-fs 4 for compatibility with current and future versions of Node.js",
            "dev": true,
            "engines": {
                "node": ">=0.4.0"
            }
        },
        "node_modules/growl": {
            "version": "1.7.0",
            "resolved": "https://registry.npmjs.org/growl/-/growl-1.7.0.tgz",
            "integrity": "sha512-VWv7s1EI41AG2LiCr7uAuxWikLDN1SQOuEUc37d/P34NAIIYgkvWYngNw0d9d9iCrDFL0SYCE9UQpxhIjjtuLg==",
            "dev": true
        },
        "node_modules/iconv-lite": {
            "version": "0.4.3",
            "resolved": "https://registry.npmjs.org/iconv-lite/-/iconv-lite-0.4.3.tgz",
            "integrity": "sha512-fBUZHWVujxJd0hOJLaN4Zj4h1LeOn+qi5qyts4HFFa0jaOo/0E6DO1UsJReZV0qwiIzeaqm/1LhYBbvvGjQkNg==",
            "engines": {
                "node": ">=0.8.0"
            }
        },
        "node_modules/inherits": {
            "version": "2.0.4",
            "resolved": "https://registry.npmjs.org/inherits/-/inherits-2.0.4.tgz",
            "integrity": "sha512-k/vGaX4/Yla3WzyMCvTQOXYeIHvqOKtnqBduzTHpzpQZzAskKMhZ2K+EnBiSM9zGSoIFeMpXKxa4dYeZIQqewQ=="
        },
        "node_modules/ipaddr.js": {
            "version": "0.1.2",
            "resolved": "https://registry.npmjs.org/ipaddr.js/-/ipaddr.js-0.1.2.tgz",
            "integrity": "sha512-MGrEjHz4Hk5UVpJXZQ2tHB+bp6xgdRKCAEWdrgFsoAmXCgKAPtj8LqMxgvlWEAj9aN+PpTcvE051uZU3K3kLSQ==",
            "engines": {
                "node": ">= 0.2.5"
            }
        },
        "node_modules/isarray": {
            "version": "0.0.1",
            "resolved": "https://registry.npmjs.org/isarray/-/isarray-0.0.1.tgz",
            "integrity": "sha512-D2S+3GLxWH+uhrNEcoh/fnmYeP8E8/zHl644d/jdA0g2uyXvy3sb0qxotE+ne0LtccHknQzWwZEzhak7oJ0COQ=="
        },
        "node_modules/jade": {
            "version": "0.26.3",
            "resolved": "https://registry.npmjs.org/jade/-/jade-0.26.3.tgz",
            "integrity": "sha512-mkk3vzUHFjzKjpCXeu+IjXeZD+QOTjUUdubgmHtHTDwvAO2ZTkMTTVrapts5CWz3JvJryh/4KWZpjeZrCepZ3A==",
            "deprecated": "Jade has been renamed to pug, please install the latest version of pug instead of jade",
            "dev": true,
            "dependencies": {
                "commander": "0.6.1",
                "mkdirp": "0.3.0"
            },
            "bin": {
                "jade": "bin/jade"
            }
        },
        "node_modules/jade/node_modules/commander": {
            "version": "0.6.1",
            "resolved": "https://registry.npmjs.org/commander/-/commander-0.6.1.tgz",
            "integrity": "sha512-0fLycpl1UMTGX257hRsu/arL/cUbcvQM4zMKwvLvzXtfdezIV4yotPS2dYtknF+NmEfWSoCEF6+hj9XLm/6hEw==",
            "dev": true,
            "engines": {
                "node": ">= 0.4.x"
            }
        },
        "node_modules/jade/node_modules/mkdirp": {
            "version": "0.3.0",
            "resolved": "https://registry.npmjs.org/mkdirp/-/mkdirp-0.3.0.tgz",
            "integrity": "sha512-OHsdUcVAQ6pOtg5JYWpCBo9W/GySVuwvP9hueRMW7UqshC0tbfzLv8wjySTPm3tfUZ/21CE9E1pJagOA91Pxew==",
            "deprecated": "Legacy versions of mkdirp are no longer supported. Please update to mkdirp 1.x. (Note that the API surface has changed to use Promises in 1.x.)",
            "dev": true,
            "engines": {
                "node": "*"
            }
        },
        "node_modules/keypress": {
            "version": "0.1.0",
            "resolved": "https://registry.npmjs.org/keypress/-/keypress-0.1.0.tgz",
            "integrity": "sha512-x0yf9PL/nx9Nw9oLL8ZVErFAk85/lslwEP7Vz7s5SI1ODXZIgit3C5qyWjw4DxOuO/3Hb4866SQh28a1V1d+WA=="
        },
        "node_modules/lru-cache": {
            "version": "2.7.3",
            "resolved": "https://registry.npmjs.org/lru-cache/-/lru-cache-2.7.3.tgz",
            "integrity": "sha512-WpibWJ60c3AgAz8a2iYErDrcT2C7OmKnsWhIcHOjkUHFjkXncJhtLxNSqUmxRxRunpb5I8Vprd7aNSd2NtksJQ==",
            "dev": true
        },
        "node_modules/media-typer": {
            "version": "0.2.0",
            "resolved": "https://registry.npmjs.org/media-typer/-/media-typer-0.2.0.tgz",
            "integrity": "sha512-TSggxYk75oP4tae7JkT8InpcFGUP4340zg1dOWjcu9qcphaDKtXEuNUv3OD4vJ+gVTvIDK797W0uYeNm8qqsDg==",
            "engines": {
                "node": ">= 0.8.0"
            }
        },
        "node_modules/merge-descriptors": {
            "version": "0.0.2",
            "resolved": "https://registry.npmjs.org/merge-descriptors/-/merge-descriptors-0.0.2.tgz",
            "integrity": "sha512-dYBT4Ep+t/qnPeJcnMymmhTdd4g8/hn48ciaDqLAkfRf8abzLPS6Rb6EBdz5CZCL8tzZuI5ps9MhGQGxk+EuKg=="
        },
        "node_modules/method-override": {
            "version": "2.0.2",
            "resolved": "https://registry.npmjs.org/method-override/-/method-override-2.0.2.tgz",
            "integrity": "sha512-VdXhehVbkQcJD4MJisBqFjCGLlCQ5bhVkJqT9VpSgXyCccskmEYn/MA52pnDlqqffmkFazjGbFEwZFKwOIAKXg==",
            "dependencies": {
                "methods": "1.0.1",
                "parseurl": "1.0.1",
                "vary": "0.1.0"
            },
            "engines": {
                "node": ">= 0.8.0"
            }
        },
        "node_modules/methods": {
            "version": "1.0.1",
            "resolved": "https://registry.npmjs.org/methods/-/methods-1.0.1.tgz",
            "integrity": "sha512-2403MfnVypWSNIEpmQ26/ObZ5kSUx37E8NHRvriw0+I8Sne7k0HGuLGCk0OrCqURh4UIygD0cSsYq+Ll+kzNqA=="
        },
        "node_modules/mime": {
            "version": "1.2.11",
            "resolved": "https://registry.npmjs.org/mime/-/mime-1.2.11.tgz",
            "integrity": "sha512-Ysa2F/nqTNGHhhm9MV8ure4+Hc+Y8AWiqUdHxsO7xu8zc92ND9f3kpALHjaP026Ft17UfxrMt95c50PLUeynBw=="
        },
        "node_modules/mime-types": {
            "version": "1.0.2",
            "resolved": "https://registry.npmjs.org/mime-types/-/mime-types-1.0.2.tgz",
            "integrity": "sha512-echfutj/t5SoTL4WZpqjA1DCud1XO0WQF3/GJ48YBmc4ZMhCK77QA6Z/w6VTQERLKuJ4drze3kw2TUT8xZXVNw==",
            "engines": {
                "node": ">= 0.8.0"
            }
        },
        "node_modules/minimatch": {
            "version": "0.2.14",
            "resolved": "https://registry.npmjs.org/minimatch/-/minimatch-0.2.14.tgz",
            "integrity": "sha512-zZ+Jy8lVWlvqqeM8iZB7w7KmQkoJn8djM585z88rywrEbzoqawVa9FR5p2hwD+y74nfuKOjmNvi9gtWJNLqHvA==",
            "deprecated": "Please update to minimatch 3.0.2 or higher to avoid a RegExp DoS issue",
            "dev": true,
            "dependencies": {
                "lru-cache": "2",
                "sigmund": "~1.0.0"
            },
            "engines": {
                "node": "*"
            }
        },
        "node_modules/minimist": {
            "version": "0.0.8",
            "resolved": "https://registry.npmjs.org/minimist/-/minimist-0.0.8.tgz",
            "integrity": "sha512-miQKw5Hv4NS1Psg2517mV4e4dYNaO3++hjAvLOAzKqZ61rH8NS1SK+vbfBWZ5PY/Me/bEWhUwqMghEW5Fb9T7Q=="
        },
        "node_modules/mkdirp": {
            "version": "0.5.0",
            "resolved": "https://registry.npmjs.org/mkdirp/-/mkdirp-0.5.0.tgz",
            "integrity": "sha512-xjjNGy+ry1lhtIKcr2PT6ok3aszhQfgrUDp4OZLHacgRgFmF6XR9XCOJVcXlVGQonIqXcK1DvqgKKQOPWYGSfw==",
            "deprecated": "Legacy versions of mkdirp are no longer supported. Please update to mkdirp 1.x. (Note that the API surface has changed to use Promises in 1.x.)",
            "dependencies": {
                "minimist": "0.0.8"
            },
            "bin": {
                "mkdirp": "bin/cmd.js"
            }
        },
        "node_modules/mocha": {
            "version": "1.20.1",
            "resolved": "https://registry.npmjs.org/mocha/-/mocha-1.20.1.tgz",
            "integrity": "sha512-25Nq3BuIYCy80uEix+hBlZcr/gnLzpcYqfsaPAxZm2qbMFmed8I3nP8N05KagK4BTkGYUvsRJ47istvRqFO8fw==",
            "deprecated": "Mocha v1.x is no longer supported.",
            "dev": true,
            "dependencies": {
                "commander": "2.0.0",
                "debug": "*",
                "diff": "1.0.7",
                "glob": "3.2.3",
                "growl": "1.7.x",
                "jade": "0.26.3",
                "mkdirp": "0.3.5"
            },
            "bin": {
                "_mocha": "bin/_mocha",
                "mocha": "bin/mocha"
            },
            "engines": {
                "node": ">= 0.4.x"
            }
        },
        "node_modules/mocha/node_modules/commander": {
            "version": "2.0.0",
            "resolved": "https://registry.npmjs.org/commander/-/commander-2.0.0.tgz",
            "integrity": "sha512-qebjpyeaA/nJ4w3EO2cV2++/zEkccPnjWogzA2rff+Lk8ILI75vULeTmyd4wPxWdKwtP3J+G39IXVZadh0UHyw==",
            "dev": true,
            "engines": {
                "node": ">= 0.6.x"
            }
        },
        "node_modules/mocha/node_modules/mkdirp": {
            "version": "0.3.5",
            "resolved": "https://registry.npmjs.org/mkdirp/-/mkdirp-0.3.5.tgz",
            "integrity": "sha512-8OCq0De/h9ZxseqzCH8Kw/Filf5pF/vMI6+BH7Lu0jXz2pqYCjTAQRolSxRIi+Ax+oCCjlxoJMP0YQ4XlrQNHg==",
            "deprecated": "Legacy versions of mkdirp are no longer supported. Please update to mkdirp 1.x. (Note that the API surface has changed to use Promises in 1.x.)",
            "dev": true
        },
        "node_modules/morgan": {
            "version": "1.1.1",
            "resolved": "https://registry.npmjs.org/morgan/-/morgan-1.1.1.tgz",
            "integrity": "sha512-Jx1pZHnbZ43TFAeY0NVuLqpeXX0O2aL7todwFModvpjZCGR+vBTKH0wOKQjwK1wgO/cERhFISIf4roSj1fx5Jg==",
            "dependencies": {
                "bytes": "1.0.0"
            },
            "engines": {
                "node": ">= 0.8.0"
            }
        },
        "node_modules/ms": {
            "version": "0.6.2",
            "resolved": "https://registry.npmjs.org/ms/-/ms-0.6.2.tgz",
            "integrity": "sha512-/pc3eh7TWorTtbvXg8je4GvrvEqCfH7PA3P7iW01yL2E53FKixzgMBaQi0NOPbMJqY34cBSvR0tZtmlTkdUG4A=="
        },
        "node_modules/multiparty": {
            "version": "3.2.9",
            "resolved": "https://registry.npmjs.org/multiparty/-/multiparty-3.2.9.tgz",
            "integrity": "sha512-zkG0d0TVz4yw8qDgsP7zZepl9GNOV2kN/CwBpiSXbOP41P824Eu0xrQ+6DnOgni8e+2DNeBZrVI8mg2ppVoWtg==",
            "dependencies": {
                "readable-stream": "~1.1.9",
                "stream-counter": "~0.2.0"
            },
            "engines": {
                "node": ">=0.8.0"
            }
        },
        "node_modules/mz": {
            "version": "1.3.0",
            "resolved": "https://registry.npmjs.org/mz/-/mz-1.3.0.tgz",
            "integrity": "sha512-x+R7YSsEySSpV5uEB+C47JTmxv+YKKNsW3W+hjvq8NbLn8ntLgYXGrR5RjQ3Fs0e7Chw8Rp/1e5eo0n5LP76cw==",
            "dependencies": {
                "native-or-bluebird": "1",
                "thenify": "3",
                "thenify-all": "1"
            }
        },
        "node_modules/native-or-bluebird": {
            "version": "1.1.2",
            "resolved": "https://registry.npmjs.org/native-or-bluebird/-/native-or-bluebird-1.1.2.tgz",
            "integrity": "sha512-Bgn5FHNkd+lPTjIzq1NVU/VZTvPKFvhdIDEyYjxrKNrScSXbVvNVzOKwoleysun0/HoN7R+TXmK9mCtEs84osA==",
            "deprecated": "'native-or-bluebird' is deprecated. Please use 'any-promise' instead."
        },
        "node_modules/negotiator": {
            "version": "0.4.7",
            "resolved": "https://registry.npmjs.org/negotiator/-/negotiator-0.4.7.tgz",
            "integrity": "sha512-ujxWwyRfZ6udAgHGECQC3JDO9e6UAsuItfUMcqA0Xf2OLNQTveFVFx+fHGIJ5p0MJaJrZyGQqPwzuN0NxJzEKA==",
            "engines": {
                "node": "*"
            }
        },
        "node_modules/on-headers": {
            "version": "0.0.0",
            "resolved": "https://registry.npmjs.org/on-headers/-/on-headers-0.0.0.tgz",
            "integrity": "sha512-sd6W+EIQTNDbMndkGZqf1q6x3PlMxAIoufoNhcfpvzrXhtN+IWVyM2sjdsZ3p+TVddtTG5u0lujTglZ+R1VGvQ==",
            "engines": {
                "node": ">= 0.8.0"
            }
        },
        "node_modules/parseurl": {
            "version": "1.0.1",
            "resolved": "https://registry.npmjs.org/parseurl/-/parseurl-1.0.1.tgz",
            "integrity": "sha512-6W9+0+9Ihayqwjgp4OaLLqZ3KDtqPY2PtUPz8YNiy4PamjJv+7x6J9GO93O9rUZOLgaanTPxsKTasxqKkO1iSw=="
        },
        "node_modules/pause": {
            "version": "0.0.1",
            "resolved": "https://registry.npmjs.org/pause/-/pause-0.0.1.tgz",
            "integrity": "sha512-KG8UEiEVkR3wGEb4m5yZkVCzigAD+cVEJck2CzYZO37ZGJfctvVptVO192MwrtPhzONn6go8ylnOdMhKqi4nfg=="
        },
        "node_modules/proxy-addr": {
            "version": "1.0.1",
            "resolved": "https://registry.npmjs.org/proxy-addr/-/proxy-addr-1.0.1.tgz",
            "integrity": "sha512-rIUGzBlSfkJMWWCgsd4N5wvVSNAcJZg//UwPZumDIbScHRUzuSOjBmIdyICiKkB9yArv+er9qC6RA/NL3AWc6A==",
            "dependencies": {
                "ipaddr.js": "0.1.2"
            },
            "engines": {
                "node": ">= 0.8.0"
            }
        },
        "node_modules/qs": {
            "version": "0.6.6",
            "resolved": "https://registry.npmjs.org/qs/-/qs-0.6.6.tgz",
            "integrity": "sha512-kN+yNdAf29Jgp+AYHUmC7X4QdJPR8czuMWLNLc0aRxkQ7tB3vJQEONKKT9ou/rW7EbqVec11srC9q9BiVbcnHA==",
            "engines": {
                "node": "*"
            }
        },
        "node_modules/range-parser": {
            "version": "1.0.0",
            "resolved": "https://registry.npmjs.org/range-parser/-/range-parser-1.0.0.tgz",
            "integrity": "sha512-wOH5LIH2ZHo0P7/bwkR+aNbJ+kv3CHVX4B8qs9GqbtY29fi1bGPV5xczrutN20G+Z4XhRqRMTW3q0S4iyJJPfw=="
        },
        "node_modules/raw-body": {
            "version": "1.2.2",
            "resolved": "https://registry.npmjs.org/raw-body/-/raw-body-1.2.2.tgz",
            "integrity": "sha512-52kUCLQKKfbzsJtWdlQmrWwhR8WPc8zsCmIDMEygfiEgT3E/AApymJo8eza+zgaLnDxbNRq+U/UXR79s4uX1qw==",
            "dependencies": {
                "bytes": "1",
                "iconv-lite": "0.4.3"
            },
            "engines": {
                "node": ">= 0.8.0"
            }
        },
        "node_modules/readable-stream": {
            "version": "1.1.14",
            "resolved": "https://registry.npmjs.org/readable-stream/-/readable-stream-1.1.14.tgz",
            "integrity": "sha512-+MeVjFf4L44XUkhM1eYbD8fyEsxcV81pqMSR5gblfcLCHfZvbrqy4/qYHE+/R5HoBUT11WV5O08Cr1n3YXkWVQ==",
            "dependencies": {
                "core-util-is": "~1.0.0",
                "inherits": "~2.0.1",
                "isarray": "0.0.1",
                "string_decoder": "~0.10.x"
            }
        },
        "node_modules/reduce-component": {
            "version": "1.0.1",
            "resolved": "https://registry.npmjs.org/reduce-component/-/reduce-component-1.0.1.tgz",
            "integrity": "sha512-y0wyCcdQul3hI3xHfIs0vg/jSbboQc/YTOAqaxjFG7At+XSexduuOqBVL9SmOLSwa/ldkbzVzdwuk9s2EKTAZg==",
            "dev": true
        },
        "node_modules/response-time": {
            "version": "2.0.0",
            "resolved": "https://registry.npmjs.org/response-time/-/response-time-2.0.0.tgz",
            "integrity": "sha512-1PeD/WjcPWgv4c1Lpfh+whxgOxauMckWZMWBJNVBXg4Sz/MR1bvtA2V0KOr4gYObkp1GW2NyyiNsJkNMtTOt3w==",
            "dependencies": {
                "on-headers": "0.0.0"
            },
            "engines": {
                "node": ">= 0.8.0"
            }
        },
        "node_modules/rndm": {
            "version": "1.2.0",
            "resolved": "https://registry.npmjs.org/rndm/-/rndm-1.2.0.tgz",
            "integrity": "sha512-fJhQQI5tLrQvYIYFpOnFinzv9dwmR7hRnUz1XqP3OJ1jIweTNOd6aTO4jwQSgcBSFUB+/KHJxuGneime+FdzOw=="
        },
        "node_modules/scmp": {
            "version": "0.0.3",
            "resolved": "https://registry.npmjs.org/scmp/-/scmp-0.0.3.tgz",
            "integrity": "sha512-ya4sPuUOfcrJnfC+OUqTFgFVBEMOXMS1Xopn0wwIhxKwD4eveTwJoIUN9u1QHJ47nL29/m545dV8KqI92MlHPw==",
            "deprecated": "scmp v2 uses improved core crypto comparison since Node v6.6.0"
        },
        "node_modules/send": {
            "version": "0.4.3",
            "resolved": "https://registry.npmjs.org/send/-/send-0.4.3.tgz",
            "integrity": "sha512-Tl3/iKtlp1WM0hDyackntOVwx5kc8GET/zgEj9AOYRX5ideM/33FeRYk4L19IqioGxCkxHSyq1PThVs6PVvk+w==",
            "dependencies": {
                "debug": "1.0.2",
                "escape-html": "1.0.1",
                "finished": "1.2.2",
                "fresh": "0.2.2",
                "mime": "1.2.11",
                "range-parser": "~1.0.0"
            },
            "engines": {
                "node": ">= 0.8.0"
            }
        },
        "node_modules/serve-favicon": {
            "version": "2.0.1",
            "resolved": "https://registry.npmjs.org/serve-favicon/-/serve-favicon-2.0.1.tgz",
            "integrity": "sha512-ER7Nk+que+Og6kDJpADjLMkTkllBKWz9FPef5A+uELiYAODTjaMJMszKhzUzsNcvqXM5+mzAdpv/6FaxRlJUng==",
            "dependencies": {
                "fresh": "0.2.2"
            },
            "engines": {
                "node": ">= 0.8.0"
            }
        },
        "node_modules/serve-index": {
            "version": "1.1.6",
            "resolved": "https://registry.npmjs.org/serve-index/-/serve-index-1.1.6.tgz",
            "integrity": "sha512-uWGuAekfhMHBaKk2ZoGZn9b5GLpdUH5lHMo2Dkkiakg6eHNQBH8CR/x2RVVwh7FPPzA7L8ppz8WyjXNYurVMsQ==",
            "dependencies": {
                "accepts": "~1.0.7",
                "batch": "0.5.1",
                "parseurl": "~1.3.0"
            },
            "engines": {
                "node": ">= 0.8.0"
            }
        },
        "node_modules/serve-index/node_modules/parseurl": {
            "version": "1.3.3",
            "resolved": "https://registry.npmjs.org/parseurl/-/parseurl-1.3.3.tgz",
            "integrity": "sha512-CiyeOxFT/JZyN5m0z9PfXw4SCBJ6Sygz1Dpl0wqjlhDEGGBP1GnsUVEL0p63hoG1fcj3fHynXi9NYO4nWOL+qQ==",
            "engines": {
                "node": ">= 0.8"
            }
        },
        "node_modules/serve-static": {
            "version": "1.2.3",
            "resolved": "https://registry.npmjs.org/serve-static/-/serve-static-1.2.3.tgz",
            "integrity": "sha512-xaOEJYYnhmT2iVnDHcPullns+dFGC18BHseW1ZzkddtPWe4Ot/ZdifPFYk14r+tdWpVNWtXClRRENQ9ODd1Eeg==",
            "dependencies": {
                "escape-html": "1.0.1",
                "parseurl": "1.0.1",
                "send": "0.4.3"
            },
            "engines": {
                "node": ">= 0.8.0"
            }
        },
        "node_modules/sigmund": {
            "version": "1.0.1",
            "resolved": "https://registry.npmjs.org/sigmund/-/sigmund-1.0.1.tgz",
            "integrity": "sha512-fCvEXfh6NWpm+YSuY2bpXb/VIihqWA6hLsgboC+0nl71Q7N7o2eaCW8mJa/NLvQhs6jpd3VZV4UiUQlV6+lc8g==",
            "dev": true
        },
        "node_modules/stream-counter": {
            "version": "0.2.0",
            "resolved": "https://registry.npmjs.org/stream-counter/-/stream-counter-0.2.0.tgz",
            "integrity": "sha512-GjA2zKc2iXUUKRcOxXQmhEx0Ev3XHJ6c8yWGqhQjWwhGrqNwSsvq9YlRLgoGtZ5Kx2Ln94IedaqJ5GUG6aBbxA==",
            "dependencies": {
                "readable-stream": "~1.1.8"
            },
            "engines": {
                "node": ">=0.8.0"
            }
        },
        "node_modules/string_decoder": {
            "version": "0.10.31",
            "resolved": "https://registry.npmjs.org/string_decoder/-/string_decoder-0.10.31.tgz",
            "integrity": "sha512-ev2QzSzWPYmy9GuqfIVildA4OdcGLeFZQrq5ys6RtiuF+RQQiZWr8TZNyAcuVXyQRYfEO+MsoB/1BuQVhOJuoQ=="
        },
        "node_modules/superagent": {
            "version": "0.18.0",
            "resolved": "https://registry.npmjs.org/superagent/-/superagent-0.18.0.tgz",
            "integrity": "sha512-k/FmnnRwRvqJY7QfF6PNkZMQv7lWPFTRmOdZTlO7amtRPzTkVzvMggEaipgLUCrGRZip1i0hwwCvOQbyzRPx1w==",
            "deprecated": "Please upgrade to v7.0.2+ of superagent.  We have fixed numerous issues with streams, form-data, attach(), filesystem errors not bubbling up (ENOENT on attach()), and all tests are now passing.  See the releases tab for more information at <https://github.com/visionmedia/superagent/releases>.",
            "dev": true,
            "dependencies": {
                "component-emitter": "1.1.2",
                "cookiejar": "1.3.2",
                "debug": "~0.7.2",
                "extend": "~1.2.1",
                "form-data": "0.1.2",
                "formidable": "1.0.14",
                "methods": "0.0.1",
                "mime": "1.2.5",
                "qs": "0.6.6",
                "readable-stream": "1.0.27-1",
                "reduce-component": "1.0.1"
            },
            "engines": {
                "node": "*"
            }
        },
        "node_modules/superagent/node_modules/debug": {
            "version": "0.7.4",
            "resolved": "https://registry.npmjs.org/debug/-/debug-0.7.4.tgz",
            "integrity": "sha512-EohAb3+DSHSGx8carOSKJe8G0ayV5/i609OD0J2orCkuyae7SyZSz2aoLmQF2s0Pj5gITDebwPH7GFBlqOUQ1Q==",
            "dev": true,
            "engines": {
                "node": "*"
            }
        },
        "node_modules/superagent/node_modules/methods": {
            "version": "0.0.1",
            "resolved": "https://registry.npmjs.org/methods/-/methods-0.0.1.tgz",
            "integrity": "sha512-pB8oFfci/xcfUgM6DTxc7lbTKifPPgs3mZUOsEgaH+1TTWpmcmv3sHl+5sUHIj2X2W8aPYa2+nJealRHK+Lo6A==",
            "dev": true
        },
        "node_modules/superagent/node_modules/mime": {
            "version": "1.2.5",
            "resolved": "https://registry.npmjs.org/mime/-/mime-1.2.5.tgz",
            "integrity": "sha512-QfwTOA+zRHSZXxl9Y7ue5ifKDhU1prnh0dO67Vgcl7Lcx0+79vL9A1ln0qtVur8CFSdYq5Zhnw9DDZQgwDh8Ng==",
            "dev": true,
            "engines": {
                "node": "*"
            }
        },
        "node_modules/superagent/node_modules/readable-stream": {
            "version": "1.0.27-1",
            "resolved": "https://registry.npmjs.org/readable-stream/-/readable-stream-1.0.27-1.tgz",
            "integrity": "sha512-uQE31HGhpMrqZwtDjRliOs2aC3XBi+DdkhLs+Xa0dvVD5eDiZr3+k8rKVZcyTzxosgtMw7B/twQsK3P1KTZeVg==",
            "dev": true,
            "dependencies": {
                "core-util-is": "~1.0.0",
                "inherits": "~2.0.1",
                "isarray": "0.0.1",
                "string_decoder": "~0.10.x"
            }
        },
        "node_modules/supertest": {
            "version": "0.13.0",
            "resolved": "https://registry.npmjs.org/supertest/-/supertest-0.13.0.tgz",
            "integrity": "sha512-93A2mDSb+6nK6OfGd+g+KajO+Xf7uHiMu92lYQGzs6y56Q4D+72xRGyb6fL0qp4/zvQHHt4kxQHJ5HtFsrRGZA==",
            "dev": true,
            "dependencies": {
                "methods": "1.0.0",
                "superagent": "0.18.0"
            }
        },
        "node_modules/supertest/node_modules/methods": {
            "version": "1.0.0",
            "resolved": "https://registry.npmjs.org/methods/-/methods-1.0.0.tgz",
            "integrity": "sha512-rr3+O8WLgLeqV0mAowDraG0fOaWNwZmZjm4B0d8lSyyqS5di8E7dm/Ec/a1FVkHPMyRqN2PQNSNEk9cd7zXePg==",
            "dev": true
        },
        "node_modules/thenify": {
            "version": "3.3.1",
            "resolved": "https://registry.npmjs.org/thenify/-/thenify-3.3.1.tgz",
            "integrity": "sha512-RVZSIV5IG10Hk3enotrhvz0T9em6cyHBLkH/YAZuKqd8hRkKhSfCGIcP2KUY0EPxndzANBmNllzWPwak+bheSw==",
            "dependencies": {
                "any-promise": "^1.0.0"
            }
        },
        "node_modules/thenify-all": {
            "version": "1.6.0",
            "resolved": "https://registry.npmjs.org/thenify-all/-/thenify-all-1.6.0.tgz",
            "integrity": "sha512-RNxQH/qI8/t3thXJDwcstUO4zeqo64+Uy/+sNVRBx4Xn2OX+OZ9oP+iJnNFqplFra2ZUVeKCSa2oVWi3T4uVmA==",
            "dependencies": {
                "thenify": ">= 3.1.0 < 4"
            },
            "engines": {
                "node": ">=0.8"
            }
        },
        "node_modules/type-is": {
            "version": "1.3.1",
            "resolved": "https://registry.npmjs.org/type-is/-/type-is-1.3.1.tgz",
            "integrity": "sha512-PLks4DIqAA9z7zHH0VuUv0aZ36t6cq8/K0y0OdHJtTkfSbGHhNvKh3pw1PPakXkjlAskC4apJlxeYcGpKZWvkA==",
            "dependencies": {
                "media-typer": "0.2.0",
                "mime-types": "1.0.0"
            },
            "engines": {
                "node": ">= 0.8"
            }
        },
        "node_modules/type-is/node_modules/mime-types": {
            "version": "1.0.0",
            "resolved": "https://registry.npmjs.org/mime-types/-/mime-types-1.0.0.tgz",
            "integrity": "sha512-aP3BmIq4ZAPJt6KywU5HbiG0UwCTHZA2JWHO9aLaxyr8OhPOiK4RPSZcS6TDS7zNzGDC3AACnq/XTuEsd/M1Kg=="
        },
        "node_modules/uid-safe": {
            "version": "1.1.0",
            "resolved": "https://registry.npmjs.org/uid-safe/-/uid-safe-1.1.0.tgz",
            "integrity": "sha512-7+QtWs9zioL/iQX61G+4h3EPyr3H+tINIp0IAV4EL32vdf7qmFyuW0BgRqWl7p5oZOsEQrlL0bY7m5D8tp7b1w==",
            "dependencies": {
                "base64-url": "1.2.1",
                "native-or-bluebird": "~1.1.2"
            },
            "engines": {
                "node": ">= 0.8"
            }
        },
        "node_modules/uid-safe/node_modules/base64-url": {
            "version": "1.2.1",
            "resolved": "https://registry.npmjs.org/base64-url/-/base64-url-1.2.1.tgz",
            "integrity": "sha512-V8E0l1jyyeSSS9R+J9oljx5eq2rqzClInuwaPcyuv0Mm3ViI/3/rcc4rCEO8i4eQ4I0O0FAGYDA2i5xWHHPhzg=="
        },
        "node_modules/utils-merge": {
            "version": "1.0.0",
            "resolved": "https://registry.npmjs.org/utils-merge/-/utils-merge-1.0.0.tgz",
            "integrity": "sha512-HwU9SLQEtyo+0uoKXd1nkLqigUWLB+QuNQR4OcmB73eWqksM5ovuqcycks2x043W8XVb75rG1HQ0h93TMXkzQQ==",
            "engines": {
                "node": ">= 0.4.0"
            }
        },
        "node_modules/vary": {
            "version": "0.1.0",
            "resolved": "https://registry.npmjs.org/vary/-/vary-0.1.0.tgz",
            "integrity": "sha512-tyyeG46NQdwyVP/RsWLSrT78ouwEuvwk9gK8vQK4jdXmqoXtTXW+vsCfNcnqRhigF8olV34QVZarmAi6wBV2Mw==",
            "engines": {
                "node": ">= 0.8.0"
            }
        },
        "node_modules/vhost": {
            "version": "2.0.0",
            "resolved": "https://registry.npmjs.org/vhost/-/vhost-2.0.0.tgz",
            "integrity": "sha512-TSExWM12MVtvIuBLMPyBuWBQLbHnmDZ3zfsoZwcUmKxzPX8l/cHKl5vVfbo8/KZ56UBAc/tTYXbaDGVDaIcrWw==",
            "engines": {
                "node": ">= 0.8.0"
            }
        }
    }
}
